
Microsoft Visual Studio Solution File, Format Version 12.00
# Visual Studio 15
VisualStudioVersion = 15.0.28010.2050
MinimumVisualStudioVersion = 10.0.40219.1
Project("{FAE04EC0-301F-11D3-BF4B-00C04F79EFBC}") = "Generarator password", "Generarator password\Generarator password.csproj", "{BD3EAE4C-2115-49FF-9869-1309AC0F622F}"
EndProject
Global
	GlobalSection(SolutionConfigurationPlatforms) = preSolution
		Debug|Any CPU = Debug|Any CPU
		Release|Any CPU = Release|Any CPU
	EndGlobalSection
	GlobalSection(ProjectConfigurationPlatforms) = postSolution
		{BD3EAE4C-2115-49FF-9869-1309AC0F622F}.Debug|Any CPU.ActiveCfg = Debug|Any CPU
		{BD3EAE4C-2115-49FF-9869-1309AC0F622F}.Debug|Any CPU.Build.0 = Debug|Any CPU
		{BD3EAE4C-2115-49FF-9869-1309AC0F622F}.Release|Any CPU.ActiveCfg = Release|Any CPU
		{BD3EAE4C-2115-49FF-9869-1309AC0F622F}.Release|Any CPU.Build.0 = Release|Any CPU
	EndGlobalSection
	GlobalSection(SolutionProperties) = preSolution
		HideSolutionNode = FALSE
	EndGlobalSection
	GlobalSection(ExtensibilityGlobals) = postSolution
		SolutionGuid = {3662974A-7B82-4394-8FAF-CE065EC66A65}
	EndGlobalSection
EndGlobal
